
Microsoft Visual Studio Solution File, Format Version 12.00
# Visual Studio Version 17
VisualStudioVersion = 17.13.35825.156 d17.13
MinimumVisualStudioVersion = 10.0.40219.1
Project("{FAE04EC0-301F-11D3-BF4B-00C04F79EFBC}") = "JogodaForca.ConsoleApp", "JogodaForca.ConsoleApp\JogodaForca.ConsoleApp.csproj", "{D11FBE2E-05AA-4ECD-83C3-CA491486FB32}"
EndProject
Global
	GlobalSection(SolutionConfigurationPlatforms) = preSolution
		Debug|Any CPU = Debug|Any CPU
		Release|Any CPU = Release|Any CPU
	EndGlobalSection
	GlobalSection(ProjectConfigurationPlatforms) = postSolution
		{D11FBE2E-05AA-4ECD-83C3-CA491486FB32}.Debug|Any CPU.ActiveCfg = Debug|Any CPU
		{D11FBE2E-05AA-4ECD-83C3-CA491486FB32}.Debug|Any CPU.Build.0 = Debug|Any CPU
		{D11FBE2E-05AA-4ECD-83C3-CA491486FB32}.Release|Any CPU.ActiveCfg = Release|Any CPU
		{D11FBE2E-05AA-4ECD-83C3-CA491486FB32}.Release|Any CPU.Build.0 = Release|Any CPU
	EndGlobalSection
	GlobalSection(SolutionProperties) = preSolution
		HideSolutionNode = FALSE
	EndGlobalSection
	GlobalSection(ExtensibilityGlobals) = postSolution
		SolutionGuid = {5FFD2047-CD0D-420B-9110-7B3FBCC59785}
	EndGlobalSection
EndGlobal
